
Microsoft Visual Studio Solution File, Format Version 12.00
# Visual Studio Version 17
VisualStudioVersion = 17.7.34221.43
MinimumVisualStudioVersion = 10.0.40219.1
Project("{FAE04EC0-301F-11D3-BF4B-00C04F79EFBC}") = "TheNewsSystem", "The_News_System\TheNewsSystem.csproj", "{7AB308F7-DAFD-463D-9BA8-878160904CB2}"
EndProject
Global
	GlobalSection(SolutionConfigurationPlatforms) = preSolution
		Debug|Any CPU = Debug|Any CPU
		Release|Any CPU = Release|Any CPU
	EndGlobalSection
	GlobalSection(ProjectConfigurationPlatforms) = postSolution
		{7AB308F7-DAFD-463D-9BA8-878160904CB2}.Debug|Any CPU.ActiveCfg = Debug|Any CPU
		{7AB308F7-DAFD-463D-9BA8-878160904CB2}.Debug|Any CPU.Build.0 = Debug|Any CPU
		{7AB308F7-DAFD-463D-9BA8-878160904CB2}.Release|Any CPU.ActiveCfg = Release|Any CPU
		{7AB308F7-DAFD-463D-9BA8-878160904CB2}.Release|Any CPU.Build.0 = Release|Any CPU
	EndGlobalSection
	GlobalSection(SolutionProperties) = preSolution
		HideSolutionNode = FALSE
	EndGlobalSection
	GlobalSection(ExtensibilityGlobals) = postSolution
		SolutionGuid = {2909972B-F733-463D-B609-89E974E27EDA}
	EndGlobalSection
EndGlobal
